// !$*UTF8*$!
{
	archiveVersion = 1;
	classes = {
	};
	objectVersion = 56;
	objects = {

/* Begin PBXBuildFile section */
		826523E82C51966C00ED0003 /* AppDelegate.swift in Sources */ = {isa = PBXBuildFile; fileRef = 826523E72C51966C00ED0003 /* AppDelegate.swift */; };
		826523EA2C51966C00ED0003 /* SceneDelegate.swift in Sources */ = {isa = PBXBuildFile; fileRef = 826523E92C51966C00ED0003 /* SceneDelegate.swift */; };
		826523EC2C51966C00ED0003 /* ListPageViewController.swift in Sources */ = {isa = PBXBuildFile; fileRef = 826523EB2C51966C00ED0003 /* ListPageViewController.swift */; };
		826523EF2C51966C00ED0003 /* Base in Resources */ = {isa = PBXBuildFile; fileRef = 826523EE2C51966C00ED0003 /* Base */; };
		826523F12C51966F00ED0003 /* Assets.xcassets in Resources */ = {isa = PBXBuildFile; fileRef = 826523F02C51966F00ED0003 /* Assets.xcassets */; };
		826523F42C51966F00ED0003 /* Base in Resources */ = {isa = PBXBuildFile; fileRef = 826523F32C51966F00ED0003 /* Base */; };
		826523FF2C51967000ED0003 /* PlantsLoveAppTests.swift in Sources */ = {isa = PBXBuildFile; fileRef = 826523FE2C51967000ED0003 /* PlantsLoveAppTests.swift */; };
		826524092C51967000ED0003 /* PlantsLoveAppUITests.swift in Sources */ = {isa = PBXBuildFile; fileRef = 826524082C51967000ED0003 /* PlantsLoveAppUITests.swift */; };
		8265240B2C51967000ED0003 /* PlantsLoveAppUITestsLaunchTests.swift in Sources */ = {isa = PBXBuildFile; fileRef = 8265240A2C51967000ED0003 /* PlantsLoveAppUITestsLaunchTests.swift */; };
		826524192C51A0D400ED0003 /* ListPageViewModel.swift in Sources */ = {isa = PBXBuildFile; fileRef = 826524182C51A0D400ED0003 /* ListPageViewModel.swift */; };
		8265241C2C52B0CA00ED0003 /* APIEndpoint.swift in Sources */ = {isa = PBXBuildFile; fileRef = 8265241B2C52B0CA00ED0003 /* APIEndpoint.swift */; };
		8265241E2C52B55800ED0003 /* NetworkService.swift in Sources */ = {isa = PBXBuildFile; fileRef = 8265241D2C52B55800ED0003 /* NetworkService.swift */; };
		826524202C52B5D200ED0003 /* RequestProtocol.swift in Sources */ = {isa = PBXBuildFile; fileRef = 8265241F2C52B5D200ED0003 /* RequestProtocol.swift */; };
		826524222C52B5EC00ED0003 /* APIError.swift in Sources */ = {isa = PBXBuildFile; fileRef = 826524212C52B5EC00ED0003 /* APIError.swift */; };
		826524252C52BDF100ED0003 /* PlantsNetworkRequest.swift in Sources */ = {isa = PBXBuildFile; fileRef = 826524242C52BDF100ED0003 /* PlantsNetworkRequest.swift */; };
		826524272C52C00700ED0003 /* PlantsPathEnum.swift in Sources */ = {isa = PBXBuildFile; fileRef = 826524262C52C00700ED0003 /* PlantsPathEnum.swift */; };
		826524292C52C11D00ED0003 /* PlantsSpeciesResponseModel.swift in Sources */ = {isa = PBXBuildFile; fileRef = 826524282C52C11D00ED0003 /* PlantsSpeciesResponseModel.swift */; };
/* End PBXBuildFile section */

/* Begin PBXContainerItemProxy section */
		826523FB2C51967000ED0003 /* PBXContainerItemProxy */ = {
			isa = PBXContainerItemProxy;
			containerPortal = 826523DC2C51966B00ED0003 /* Project object */;
			proxyType = 1;
			remoteGlobalIDString = 826523E32C51966C00ED0003;
			remoteInfo = PlantsLoveApp;
		};
		826524052C51967000ED0003 /* PBXContainerItemProxy */ = {
			isa = PBXContainerItemProxy;
			containerPortal = 826523DC2C51966B00ED0003 /* Project object */;
			proxyType = 1;
			remoteGlobalIDString = 826523E32C51966C00ED0003;
			remoteInfo = PlantsLoveApp;
		};
/* End PBXContainerItemProxy section */

/* Begin PBXFileReference section */
		826523E42C51966C00ED0003 /* PlantsLoveApp.app */ = {isa = PBXFileReference; explicitFileType = wrapper.application; includeInIndex = 0; path = PlantsLoveApp.app; sourceTree = BUILT_PRODUCTS_DIR; };
		826523E72C51966C00ED0003 /* AppDelegate.swift */ = {isa = PBXFileReference; lastKnownFileType = sourcecode.swift; path = AppDelegate.swift; sourceTree = "<group>"; };
		826523E92C51966C00ED0003 /* SceneDelegate.swift */ = {isa = PBXFileReference; lastKnownFileType = sourcecode.swift; path = SceneDelegate.swift; sourceTree = "<group>"; };
		826523EB2C51966C00ED0003 /* ListPageViewController.swift */ = {isa = PBXFileReference; lastKnownFileType = sourcecode.swift; path = ListPageViewController.swift; sourceTree = "<group>"; };
		826523EE2C51966C00ED0003 /* Base */ = {isa = PBXFileReference; lastKnownFileType = file.storyboard; name = Base; path = Base.lproj/Main.storyboard; sourceTree = "<group>"; };
		826523F02C51966F00ED0003 /* Assets.xcassets */ = {isa = PBXFileReference; lastKnownFileType = folder.assetcatalog; path = Assets.xcassets; sourceTree = "<group>"; };
		826523F32C51966F00ED0003 /* Base */ = {isa = PBXFileReference; lastKnownFileType = file.storyboard; name = Base; path = Base.lproj/LaunchScreen.storyboard; sourceTree = "<group>"; };
		826523F52C51966F00ED0003 /* Info.plist */ = {isa = PBXFileReference; lastKnownFileType = text.plist.xml; path = Info.plist; sourceTree = "<group>"; };
		826523FA2C51967000ED0003 /* PlantsLoveAppTests.xctest */ = {isa = PBXFileReference; explicitFileType = wrapper.cfbundle; includeInIndex = 0; path = PlantsLoveAppTests.xctest; sourceTree = BUILT_PRODUCTS_DIR; };
		826523FE2C51967000ED0003 /* PlantsLoveAppTests.swift */ = {isa = PBXFileReference; lastKnownFileType = sourcecode.swift; path = PlantsLoveAppTests.swift; sourceTree = "<group>"; };
		826524042C51967000ED0003 /* PlantsLoveAppUITests.xctest */ = {isa = PBXFileReference; explicitFileType = wrapper.cfbundle; includeInIndex = 0; path = PlantsLoveAppUITests.xctest; sourceTree = BUILT_PRODUCTS_DIR; };
		826524082C51967000ED0003 /* PlantsLoveAppUITests.swift */ = {isa = PBXFileReference; lastKnownFileType = sourcecode.swift; path = PlantsLoveAppUITests.swift; sourceTree = "<group>"; };
		8265240A2C51967000ED0003 /* PlantsLoveAppUITestsLaunchTests.swift */ = {isa = PBXFileReference; lastKnownFileType = sourcecode.swift; path = PlantsLoveAppUITestsLaunchTests.swift; sourceTree = "<group>"; };
		826524182C51A0D400ED0003 /* ListPageViewModel.swift */ = {isa = PBXFileReference; lastKnownFileType = sourcecode.swift; path = ListPageViewModel.swift; sourceTree = "<group>"; };
		8265241B2C52B0CA00ED0003 /* APIEndpoint.swift */ = {isa = PBXFileReference; lastKnownFileType = sourcecode.swift; path = APIEndpoint.swift; sourceTree = "<group>"; };
		8265241D2C52B55800ED0003 /* NetworkService.swift */ = {isa = PBXFileReference; lastKnownFileType = sourcecode.swift; path = NetworkService.swift; sourceTree = "<group>"; };
		8265241F2C52B5D200ED0003 /* RequestProtocol.swift */ = {isa = PBXFileReference; lastKnownFileType = sourcecode.swift; path = RequestProtocol.swift; sourceTree = "<group>"; };
		826524212C52B5EC00ED0003 /* APIError.swift */ = {isa = PBXFileReference; lastKnownFileType = sourcecode.swift; path = APIError.swift; sourceTree = "<group>"; };
		826524242C52BDF100ED0003 /* PlantsNetworkRequest.swift */ = {isa = PBXFileReference; lastKnownFileType = sourcecode.swift; path = PlantsNetworkRequest.swift; sourceTree = "<group>"; };
		826524262C52C00700ED0003 /* PlantsPathEnum.swift */ = {isa = PBXFileReference; lastKnownFileType = sourcecode.swift; path = PlantsPathEnum.swift; sourceTree = "<group>"; };
		826524282C52C11D00ED0003 /* PlantsSpeciesResponseModel.swift */ = {isa = PBXFileReference; lastKnownFileType = sourcecode.swift; path = PlantsSpeciesResponseModel.swift; sourceTree = "<group>"; };
/* End PBXFileReference section */

/* Begin PBXFrameworksBuildPhase section */
		826523E12C51966C00ED0003 /* Frameworks */ = {
			isa = PBXFrameworksBuildPhase;
			buildActionMask = 2147483647;
			files = (
			);
			runOnlyForDeploymentPostprocessing = 0;
		};
		826523F72C51967000ED0003 /* Frameworks */ = {
			isa = PBXFrameworksBuildPhase;
			buildActionMask = 2147483647;
			files = (
			);
			runOnlyForDeploymentPostprocessing = 0;
		};
		826524012C51967000ED0003 /* Frameworks */ = {
			isa = PBXFrameworksBuildPhase;
			buildActionMask = 2147483647;
			files = (
			);
			runOnlyForDeploymentPostprocessing = 0;
		};
/* End PBXFrameworksBuildPhase section */

/* Begin PBXGroup section */
		826523DB2C51966B00ED0003 = {
			isa = PBXGroup;
			children = (
				826523E62C51966C00ED0003 /* PlantsLoveApp */,
				826523FD2C51967000ED0003 /* PlantsLoveAppTests */,
				826524072C51967000ED0003 /* PlantsLoveAppUITests */,
				826523E52C51966C00ED0003 /* Products */,
			);
			sourceTree = "<group>";
		};
		826523E52C51966C00ED0003 /* Products */ = {
			isa = PBXGroup;
			children = (
				826523E42C51966C00ED0003 /* PlantsLoveApp.app */,
				826523FA2C51967000ED0003 /* PlantsLoveAppTests.xctest */,
				826524042C51967000ED0003 /* PlantsLoveAppUITests.xctest */,
			);
			name = Products;
			sourceTree = "<group>";
		};
		826523E62C51966C00ED0003 /* PlantsLoveApp */ = {
			isa = PBXGroup;
			children = (
				826524232C52BDDA00ED0003 /* PlantsNetworkRequest */,
				8265241A2C52B0B900ED0003 /* NetworkLayer */,
				826524172C51A09900ED0003 /* ListPage */,
				826523E72C51966C00ED0003 /* AppDelegate.swift */,
				826523E92C51966C00ED0003 /* SceneDelegate.swift */,
				826523ED2C51966C00ED0003 /* Main.storyboard */,
				826523F02C51966F00ED0003 /* Assets.xcassets */,
				826523F22C51966F00ED0003 /* LaunchScreen.storyboard */,
				826523F52C51966F00ED0003 /* Info.plist */,
			);
			path = PlantsLoveApp;
			sourceTree = "<group>";
		};
		826523FD2C51967000ED0003 /* PlantsLoveAppTests */ = {
			isa = PBXGroup;
			children = (
				826523FE2C51967000ED0003 /* PlantsLoveAppTests.swift */,
			);
			path = PlantsLoveAppTests;
			sourceTree = "<group>";
		};
		826524072C51967000ED0003 /* PlantsLoveAppUITests */ = {
			isa = PBXGroup;
			children = (
				826524082C51967000ED0003 /* PlantsLoveAppUITests.swift */,
				8265240A2C51967000ED0003 /* PlantsLoveAppUITestsLaunchTests.swift */,
			);
			path = PlantsLoveAppUITests;
			sourceTree = "<group>";
		};
		826524172C51A09900ED0003 /* ListPage */ = {
			isa = PBXGroup;
			children = (
				826523EB2C51966C00ED0003 /* ListPageViewController.swift */,
				826524182C51A0D400ED0003 /* ListPageViewModel.swift */,
			);
			path = ListPage;
			sourceTree = "<group>";
		};
		8265241A2C52B0B900ED0003 /* NetworkLayer */ = {
			isa = PBXGroup;
			children = (
				8265241B2C52B0CA00ED0003 /* APIEndpoint.swift */,
				8265241D2C52B55800ED0003 /* NetworkService.swift */,
				8265241F2C52B5D200ED0003 /* RequestProtocol.swift */,
				826524212C52B5EC00ED0003 /* APIError.swift */,
			);
			path = NetworkLayer;
			sourceTree = "<group>";
		};
		826524232C52BDDA00ED0003 /* PlantsNetworkRequest */ = {
			isa = PBXGroup;
			children = (
				826524242C52BDF100ED0003 /* PlantsNetworkRequest.swift */,
				826524262C52C00700ED0003 /* PlantsPathEnum.swift */,
				826524282C52C11D00ED0003 /* PlantsSpeciesResponseModel.swift */,
			);
			path = PlantsNetworkRequest;
			sourceTree = "<group>";
		};
/* End PBXGroup section */

/* Begin PBXNativeTarget section */
		826523E32C51966C00ED0003 /* PlantsLoveApp */ = {
			isa = PBXNativeTarget;
			buildConfigurationList = 8265240E2C51967000ED0003 /* Build configuration list for PBXNativeTarget "PlantsLoveApp" */;
			buildPhases = (
				826523E02C51966C00ED0003 /* Sources */,
				826523E12C51966C00ED0003 /* Frameworks */,
				826523E22C51966C00ED0003 /* Resources */,
			);
			buildRules = (
			);
			dependencies = (
			);
			name = PlantsLoveApp;
			productName = PlantsLoveApp;
			productReference = 826523E42C51966C00ED0003 /* PlantsLoveApp.app */;
			productType = "com.apple.product-type.application";
		};
		826523F92C51967000ED0003 /* PlantsLoveAppTests */ = {
			isa = PBXNativeTarget;
			buildConfigurationList = 826524112C51967000ED0003 /* Build configuration list for PBXNativeTarget "PlantsLoveAppTests" */;
			buildPhases = (
				826523F62C51967000ED0003 /* Sources */,
				826523F72C51967000ED0003 /* Frameworks */,
				826523F82C51967000ED0003 /* Resources */,
			);
			buildRules = (
			);
			dependencies = (
				826523FC2C51967000ED0003 /* PBXTargetDependency */,
			);
			name = PlantsLoveAppTests;
			productName = PlantsLoveAppTests;
			productReference = 826523FA2C51967000ED0003 /* PlantsLoveAppTests.xctest */;
			productType = "com.apple.product-type.bundle.unit-test";
		};
		826524032C51967000ED0003 /* PlantsLoveAppUITests */ = {
			isa = PBXNativeTarget;
			buildConfigurationList = 826524142C51967000ED0003 /* Build configuration list for PBXNativeTarget "PlantsLoveAppUITests" */;
			buildPhases = (
				826524002C51967000ED0003 /* Sources */,
				826524012C51967000ED0003 /* Frameworks */,
				826524022C51967000ED0003 /* Resources */,
			);
			buildRules = (
			);
			dependencies = (
				826524062C51967000ED0003 /* PBXTargetDependency */,
			);
			name = PlantsLoveAppUITests;
			productName = PlantsLoveAppUITests;
			productReference = 826524042C51967000ED0003 /* PlantsLoveAppUITests.xctest */;
			productType = "com.apple.product-type.bundle.ui-testing";
		};
/* End PBXNativeTarget section */

/* Begin PBXProject section */
		826523DC2C51966B00ED0003 /* Project object */ = {
			isa = PBXProject;
			attributes = {
				BuildIndependentTargetsInParallel = 1;
				LastSwiftUpdateCheck = 1530;
				LastUpgradeCheck = 1530;
				TargetAttributes = {
					826523E32C51966C00ED0003 = {
						CreatedOnToolsVersion = 15.3;
					};
					826523F92C51967000ED0003 = {
						CreatedOnToolsVersion = 15.3;
						TestTargetID = 826523E32C51966C00ED0003;
					};
					826524032C51967000ED0003 = {
						CreatedOnToolsVersion = 15.3;
						TestTargetID = 826523E32C51966C00ED0003;
					};
				};
			};
			buildConfigurationList = 826523DF2C51966B00ED0003 /* Build configuration list for PBXProject "PlantsLoveApp" */;
			compatibilityVersion = "Xcode 14.0";
			developmentRegion = en;
			hasScannedForEncodings = 0;
			knownRegions = (
				en,
				Base,
			);
			mainGroup = 826523DB2C51966B00ED0003;
			productRefGroup = 826523E52C51966C00ED0003 /* Products */;
			projectDirPath = "";
			projectRoot = "";
			targets = (
				826523E32C51966C00ED0003 /* PlantsLoveApp */,
				826523F92C51967000ED0003 /* PlantsLoveAppTests */,
				826524032C51967000ED0003 /* PlantsLoveAppUITests */,
			);
		};
/* End PBXProject section */

/* Begin PBXResourcesBuildPhase section */
		826523E22C51966C00ED0003 /* Resources */ = {
			isa = PBXResourcesBuildPhase;
			buildActionMask = 2147483647;
			files = (
				826523F12C51966F00ED0003 /* Assets.xcassets in Resources */,
				826523F42C51966F00ED0003 /* Base in Resources */,
				826523EF2C51966C00ED0003 /* Base in Resources */,
			);
			runOnlyForDeploymentPostprocessing = 0;
		};
		826523F82C51967000ED0003 /* Resources */ = {
			isa = PBXResourcesBuildPhase;
			buildActionMask = 2147483647;
			files = (
			);
			runOnlyForDeploymentPostprocessing = 0;
		};
		826524022C51967000ED0003 /* Resources */ = {
			isa = PBXResourcesBuildPhase;
			buildActionMask = 2147483647;
			files = (
			);
			runOnlyForDeploymentPostprocessing = 0;
		};
/* End PBXResourcesBuildPhase section */

/* Begin PBXSourcesBuildPhase section */
		826523E02C51966C00ED0003 /* Sources */ = {
			isa = PBXSourcesBuildPhase;
			buildActionMask = 2147483647;
			files = (
				826523EC2C51966C00ED0003 /* ListPageViewController.swift in Sources */,
				826523E82C51966C00ED0003 /* AppDelegate.swift in Sources */,
				826523EA2C51966C00ED0003 /* SceneDelegate.swift in Sources */,
				826524192C51A0D400ED0003 /* ListPageViewModel.swift in Sources */,
				8265241E2C52B55800ED0003 /* NetworkService.swift in Sources */,
				826524252C52BDF100ED0003 /* PlantsNetworkRequest.swift in Sources */,
				826524222C52B5EC00ED0003 /* APIError.swift in Sources */,
				8265241C2C52B0CA00ED0003 /* APIEndpoint.swift in Sources */,
				826524292C52C11D00ED0003 /* PlantsSpeciesResponseModel.swift in Sources */,
				826524202C52B5D200ED0003 /* RequestProtocol.swift in Sources */,
				826524272C52C00700ED0003 /* PlantsPathEnum.swift in Sources */,
			);
			runOnlyForDeploymentPostprocessing = 0;
		};
		826523F62C51967000ED0003 /* Sources */ = {
			isa = PBXSourcesBuildPhase;
			buildActionMask = 2147483647;
			files = (
				826523FF2C51967000ED0003 /* PlantsLoveAppTests.swift in Sources */,
			);
			runOnlyForDeploymentPostprocessing = 0;
		};
		826524002C51967000ED0003 /* Sources */ = {
			isa = PBXSourcesBuildPhase;
			buildActionMask = 2147483647;
			files = (
				8265240B2C51967000ED0003 /* PlantsLoveAppUITestsLaunchTests.swift in Sources */,
				826524092C51967000ED0003 /* PlantsLoveAppUITests.swift in Sources */,
			);
			runOnlyForDeploymentPostprocessing = 0;
		};
/* End PBXSourcesBuildPhase section */

/* Begin PBXTargetDependency section */
		826523FC2C51967000ED0003 /* PBXTargetDependency */ = {
			isa = PBXTargetDependency;
			target = 826523E32C51966C00ED0003 /* PlantsLoveApp */;
			targetProxy = 826523FB2C51967000ED0003 /* PBXContainerItemProxy */;
		};
		826524062C51967000ED0003 /* PBXTargetDependency */ = {
			isa = PBXTargetDependency;
			target = 826523E32C51966C00ED0003 /* PlantsLoveApp */;
			targetProxy = 826524052C51967000ED0003 /* PBXContainerItemProxy */;
		};
/* End PBXTargetDependency section */

/* Begin PBXVariantGroup section */
		826523ED2C51966C00ED0003 /* Main.storyboard */ = {
			isa = PBXVariantGroup;
			children = (
				826523EE2C51966C00ED0003 /* Base */,
			);
			name = Main.storyboard;
			sourceTree = "<group>";
		};
		826523F22C51966F00ED0003 /* LaunchScreen.storyboard */ = {
			isa = PBXVariantGroup;
			children = (
				826523F32C51966F00ED0003 /* Base */,
			);
			name = LaunchScreen.storyboard;
			sourceTree = "<group>";
		};
/* End PBXVariantGroup section */

/* Begin XCBuildConfiguration section */
		8265240C2C51967000ED0003 /* Debug */ = {
			isa = XCBuildConfiguration;
			buildSettings = {
				ALWAYS_SEARCH_USER_PATHS = NO;
				ASSETCATALOG_COMPILER_GENERATE_SWIFT_ASSET_SYMBOL_EXTENSIONS = YES;
				CLANG_ANALYZER_NONNULL = YES;
				CLANG_ANALYZER_NUMBER_OBJECT_CONVERSION = YES_AGGRESSIVE;
				CLANG_CXX_LANGUAGE_STANDARD = "gnu++20";
				CLANG_ENABLE_MODULES = YES;
				CLANG_ENABLE_OBJC_ARC = YES;
				CLANG_ENABLE_OBJC_WEAK = YES;
				CLANG_WARN_BLOCK_CAPTURE_AUTORELEASING = YES;
				CLANG_WARN_BOOL_CONVERSION = YES;
				CLANG_WARN_COMMA = YES;
				CLANG_WARN_CONSTANT_CONVERSION = YES;
				CLANG_WARN_DEPRECATED_OBJC_IMPLEMENTATIONS = YES;
				CLANG_WARN_DIRECT_OBJC_ISA_USAGE = YES_ERROR;
				CLANG_WARN_DOCUMENTATION_COMMENTS = YES;
				CLANG_WARN_EMPTY_BODY = YES;
				CLANG_WARN_ENUM_CONVERSION = YES;
				CLANG_WARN_INFINITE_RECURSION = YES;
				CLANG_WARN_INT_CONVERSION = YES;
				CLANG_WARN_NON_LITERAL_NULL_CONVERSION = YES;
				CLANG_WARN_OBJC_IMPLICIT_RETAIN_SELF = YES;
				CLANG_WARN_OBJC_LITERAL_CONVERSION = YES;
				CLANG_WARN_OBJC_ROOT_CLASS = YES_ERROR;
				CLANG_WARN_QUOTED_INCLUDE_IN_FRAMEWORK_HEADER = YES;
				CLANG_WARN_RANGE_LOOP_ANALYSIS = YES;
				CLANG_WARN_STRICT_PROTOTYPES = YES;
				CLANG_WARN_SUSPICIOUS_MOVE = YES;
				CLANG_WARN_UNGUARDED_AVAILABILITY = YES_AGGRESSIVE;
				CLANG_WARN_UNREACHABLE_CODE = YES;
				CLANG_WARN__DUPLICATE_METHOD_MATCH = YES;
				COPY_PHASE_STRIP = NO;
				DEBUG_INFORMATION_FORMAT = dwarf;
				ENABLE_STRICT_OBJC_MSGSEND = YES;
				ENABLE_TESTABILITY = YES;
				ENABLE_USER_SCRIPT_SANDBOXING = YES;
				GCC_C_LANGUAGE_STANDARD = gnu17;
				GCC_DYNAMIC_NO_PIC = NO;
				GCC_NO_COMMON_BLOCKS = YES;
				GCC_OPTIMIZATION_LEVEL = 0;
				GCC_PREPROCESSOR_DEFINITIONS = (
					"DEBUG=1",
					"$(inherited)",
				);
				GCC_WARN_64_TO_32_BIT_CONVERSION = YES;
				GCC_WARN_ABOUT_RETURN_TYPE = YES_ERROR;
				GCC_WARN_UNDECLARED_SELECTOR = YES;
				GCC_WARN_UNINITIALIZED_AUTOS = YES_AGGRESSIVE;
				GCC_WARN_UNUSED_FUNCTION = YES;
				GCC_WARN_UNUSED_VARIABLE = YES;
				IPHONEOS_DEPLOYMENT_TARGET = 17.4;
				LOCALIZATION_PREFERS_STRING_CATALOGS = YES;
				MTL_ENABLE_DEBUG_INFO = INCLUDE_SOURCE;
				MTL_FAST_MATH = YES;
				ONLY_ACTIVE_ARCH = YES;
				SDKROOT = iphoneos;
				SWIFT_ACTIVE_COMPILATION_CONDITIONS = "DEBUG $(inherited)";
				SWIFT_OPTIMIZATION_LEVEL = "-Onone";
			};
			name = Debug;
		};
		8265240D2C51967000ED0003 /* Release */ = {
			isa = XCBuildConfiguration;
			buildSettings = {
				ALWAYS_SEARCH_USER_PATHS = NO;
				ASSETCATALOG_COMPILER_GENERATE_SWIFT_ASSET_SYMBOL_EXTENSIONS = YES;
				CLANG_ANALYZER_NONNULL = YES;
				CLANG_ANALYZER_NUMBER_OBJECT_CONVERSION = YES_AGGRESSIVE;
				CLANG_CXX_LANGUAGE_STANDARD = "gnu++20";
				CLANG_ENABLE_MODULES = YES;
				CLANG_ENABLE_OBJC_ARC = YES;
				CLANG_ENABLE_OBJC_WEAK = YES;
				CLANG_WARN_BLOCK_CAPTURE_AUTORELEASING = YES;
				CLANG_WARN_BOOL_CONVERSION = YES;
				CLANG_WARN_COMMA = YES;
				CLANG_WARN_CONSTANT_CONVERSION = YES;
				CLANG_WARN_DEPRECATED_OBJC_IMPLEMENTATIONS = YES;
				CLANG_WARN_DIRECT_OBJC_ISA_USAGE = YES_ERROR;
				CLANG_WARN_DOCUMENTATION_COMMENTS = YES;
				CLANG_WARN_EMPTY_BODY = YES;
				CLANG_WARN_ENUM_CONVERSION = YES;
				CLANG_WARN_INFINITE_RECURSION = YES;
				CLANG_WARN_INT_CONVERSION = YES;
				CLANG_WARN_NON_LITERAL_NULL_CONVERSION = YES;
				CLANG_WARN_OBJC_IMPLICIT_RETAIN_SELF = YES;
				CLANG_WARN_OBJC_LITERAL_CONVERSION = YES;
				CLANG_WARN_OBJC_ROOT_CLASS = YES_ERROR;
				CLANG_WARN_QUOTED_INCLUDE_IN_FRAMEWORK_HEADER = YES;
				CLANG_WARN_RANGE_LOOP_ANALYSIS = YES;
				CLANG_WARN_STRICT_PROTOTYPES = YES;
				CLANG_WARN_SUSPICIOUS_MOVE = YES;
				CLANG_WARN_UNGUARDED_AVAILABILITY = YES_AGGRESSIVE;
				CLANG_WARN_UNREACHABLE_CODE = YES;
				CLANG_WARN__DUPLICATE_METHOD_MATCH = YES;
				COPY_PHASE_STRIP = NO;
				DEBUG_INFORMATION_FORMAT = "dwarf-with-dsym";
				ENABLE_NS_ASSERTIONS = NO;
				ENABLE_STRICT_OBJC_MSGSEND = YES;
				ENABLE_USER_SCRIPT_SANDBOXING = YES;
				GCC_C_LANGUAGE_STANDARD = gnu17;
				GCC_NO_COMMON_BLOCKS = YES;
				GCC_WARN_64_TO_32_BIT_CONVERSION = YES;
				GCC_WARN_ABOUT_RETURN_TYPE = YES_ERROR;
				GCC_WARN_UNDECLARED_SELECTOR = YES;
				GCC_WARN_UNINITIALIZED_AUTOS = YES_AGGRESSIVE;
				GCC_WARN_UNUSED_FUNCTION = YES;
				GCC_WARN_UNUSED_VARIABLE = YES;
				IPHONEOS_DEPLOYMENT_TARGET = 17.4;
				LOCALIZATION_PREFERS_STRING_CATALOGS = YES;
				MTL_ENABLE_DEBUG_INFO = NO;
				MTL_FAST_MATH = YES;
				SDKROOT = iphoneos;
				SWIFT_COMPILATION_MODE = wholemodule;
				VALIDATE_PRODUCT = YES;
			};
			name = Release;
		};
		8265240F2C51967000ED0003 /* Debug */ = {
			isa = XCBuildConfiguration;
			buildSettings = {
				ASSETCATALOG_COMPILER_APPICON_NAME = AppIcon;
				ASSETCATALOG_COMPILER_GLOBAL_ACCENT_COLOR_NAME = AccentColor;
				CODE_SIGN_STYLE = Automatic;
				CURRENT_PROJECT_VERSION = 1;
				DEVELOPMENT_TEAM = 4PFWLQ4KHA;
				GENERATE_INFOPLIST_FILE = YES;
				INFOPLIST_FILE = PlantsLoveApp/Info.plist;
				INFOPLIST_KEY_UIApplicationSupportsIndirectInputEvents = YES;
				INFOPLIST_KEY_UILaunchStoryboardName = LaunchScreen;
				INFOPLIST_KEY_UIMainStoryboardFile = Main;
				INFOPLIST_KEY_UISupportedInterfaceOrientations_iPad = "UIInterfaceOrientationPortrait UIInterfaceOrientationPortraitUpsideDown UIInterfaceOrientationLandscapeLeft UIInterfaceOrientationLandscapeRight";
				INFOPLIST_KEY_UISupportedInterfaceOrientations_iPhone = "UIInterfaceOrientationPortrait UIInterfaceOrientationLandscapeLeft UIInterfaceOrientationLandscapeRight";
				LD_RUNPATH_SEARCH_PATHS = (
					"$(inherited)",
					"@executable_path/Frameworks",
				);
				MARKETING_VERSION = 1.0;
				PRODUCT_BUNDLE_IDENTIFIER = com.merveusluerbas.PlantsLoveApp;
				PRODUCT_NAME = "$(TARGET_NAME)";
				SWIFT_EMIT_LOC_STRINGS = YES;
				SWIFT_VERSION = 5.0;
				TARGETED_DEVICE_FAMILY = "1,2";
			};
			name = Debug;
		};
		826524102C51967000ED0003 /* Release */ = {
			isa = XCBuildConfiguration;
			buildSettings = {
				ASSETCATALOG_COMPILER_APPICON_NAME = AppIcon;
				ASSETCATALOG_COMPILER_GLOBAL_ACCENT_COLOR_NAME = AccentColor;
				CODE_SIGN_STYLE = Automatic;
				CURRENT_PROJECT_VERSION = 1;
				DEVELOPMENT_TEAM = 4PFWLQ4KHA;
				GENERATE_INFOPLIST_FILE = YES;
				INFOPLIST_FILE = PlantsLoveApp/Info.plist;
				INFOPLIST_KEY_UIApplicationSupportsIndirectInputEvents = YES;
				INFOPLIST_KEY_UILaunchStoryboardName = LaunchScreen;
				INFOPLIST_KEY_UIMainStoryboardFile = Main;
				INFOPLIST_KEY_UISupportedInterfaceOrientations_iPad = "UIInterfaceOrientationPortrait UIInterfaceOrientationPortraitUpsideDown UIInterfaceOrientationLandscapeLeft UIInterfaceOrientationLandscapeRight";
				INFOPLIST_KEY_UISupportedInterfaceOrientations_iPhone = "UIInterfaceOrientationPortrait UIInterfaceOrientationLandscapeLeft UIInterfaceOrientationLandscapeRight";
				LD_RUNPATH_SEARCH_PATHS = (
					"$(inherited)",
					"@executable_path/Frameworks",
				);
				MARKETING_VERSION = 1.0;
				PRODUCT_BUNDLE_IDENTIFIER = com.merveusluerbas.PlantsLoveApp;
				PRODUCT_NAME = "$(TARGET_NAME)";
				SWIFT_EMIT_LOC_STRINGS = YES;
				SWIFT_VERSION = 5.0;
				TARGETED_DEVICE_FAMILY = "1,2";
			};
			name = Release;
		};
		826524122C51967000ED0003 /* Debug */ = {
			isa = XCBuildConfiguration;
			buildSettings = {
				ALWAYS_EMBED_SWIFT_STANDARD_LIBRARIES = YES;
				BUNDLE_LOADER = "$(TEST_HOST)";
				CODE_SIGN_STYLE = Automatic;
				CURRENT_PROJECT_VERSION = 1;
				DEVELOPMENT_TEAM = 4PFWLQ4KHA;
				GENERATE_INFOPLIST_FILE = YES;
				IPHONEOS_DEPLOYMENT_TARGET = 17.4;
				MARKETING_VERSION = 1.0;
				PRODUCT_BUNDLE_IDENTIFIER = com.merveusluerbas.PlantsLoveAppTests;
				PRODUCT_NAME = "$(TARGET_NAME)";
				SWIFT_EMIT_LOC_STRINGS = NO;
				SWIFT_VERSION = 5.0;
				TARGETED_DEVICE_FAMILY = "1,2";
				TEST_HOST = "$(BUILT_PRODUCTS_DIR)/PlantsLoveApp.app/$(BUNDLE_EXECUTABLE_FOLDER_PATH)/PlantsLoveApp";
			};
			name = Debug;
		};
		826524132C51967000ED0003 /* Release */ = {
			isa = XCBuildConfiguration;
			buildSettings = {
				ALWAYS_EMBED_SWIFT_STANDARD_LIBRARIES = YES;
				BUNDLE_LOADER = "$(TEST_HOST)";
				CODE_SIGN_STYLE = Automatic;
				CURRENT_PROJECT_VERSION = 1;
				DEVELOPMENT_TEAM = 4PFWLQ4KHA;
				GENERATE_INFOPLIST_FILE = YES;
				IPHONEOS_DEPLOYMENT_TARGET = 17.4;
				MARKETING_VERSION = 1.0;
				PRODUCT_BUNDLE_IDENTIFIER = com.merveusluerbas.PlantsLoveAppTests;
				PRODUCT_NAME = "$(TARGET_NAME)";
				SWIFT_EMIT_LOC_STRINGS = NO;
				SWIFT_VERSION = 5.0;
				TARGETED_DEVICE_FAMILY = "1,2";
				TEST_HOST = "$(BUILT_PRODUCTS_DIR)/PlantsLoveApp.app/$(BUNDLE_EXECUTABLE_FOLDER_PATH)/PlantsLoveApp";
			};
			name = Release;
		};
		826524152C51967000ED0003 /* Debug */ = {
			isa = XCBuildConfiguration;
			buildSettings = {
				ALWAYS_EMBED_SWIFT_STANDARD_LIBRARIES = YES;
				CODE_SIGN_STYLE = Automatic;
				CURRENT_PROJECT_VERSION = 1;
				DEVELOPMENT_TEAM = 4PFWLQ4KHA;
				GENERATE_INFOPLIST_FILE = YES;
				MARKETING_VERSION = 1.0;
				PRODUCT_BUNDLE_IDENTIFIER = com.merveusluerbas.PlantsLoveAppUITests;
				PRODUCT_NAME = "$(TARGET_NAME)";
				SWIFT_EMIT_LOC_STRINGS = NO;
				SWIFT_VERSION = 5.0;
				TARGETED_DEVICE_FAMILY = "1,2";
				TEST_TARGET_NAME = PlantsLoveApp;
			};
			name = Debug;
		};
		826524162C51967000ED0003 /* Release */ = {
			isa = XCBuildConfiguration;
			buildSettings = {
				ALWAYS_EMBED_SWIFT_STANDARD_LIBRARIES = YES;
				CODE_SIGN_STYLE = Automatic;
				CURRENT_PROJECT_VERSION = 1;
				DEVELOPMENT_TEAM = 4PFWLQ4KHA;
				GENERATE_INFOPLIST_FILE = YES;
				MARKETING_VERSION = 1.0;
				PRODUCT_BUNDLE_IDENTIFIER = com.merveusluerbas.PlantsLoveAppUITests;
				PRODUCT_NAME = "$(TARGET_NAME)";
				SWIFT_EMIT_LOC_STRINGS = NO;
				SWIFT_VERSION = 5.0;
				TARGETED_DEVICE_FAMILY = "1,2";
				TEST_TARGET_NAME = PlantsLoveApp;
			};
			name = Release;
		};
/* End XCBuildConfiguration section */

/* Begin XCConfigurationList section */
		826523DF2C51966B00ED0003 /* Build configuration list for PBXProject "PlantsLoveApp" */ = {
			isa = XCConfigurationList;
			buildConfigurations = (
				8265240C2C51967000ED0003 /* Debug */,
				8265240D2C51967000ED0003 /* Release */,
			);
			defaultConfigurationIsVisible = 0;
			defaultConfigurationName = Release;
		};
		8265240E2C51967000ED0003 /* Build configuration list for PBXNativeTarget "PlantsLoveApp" */ = {
			isa = XCConfigurationList;
			buildConfigurations = (
				8265240F2C51967000ED0003 /* Debug */,
				826524102C51967000ED0003 /* Release */,
			);
			defaultConfigurationIsVisible = 0;
			defaultConfigurationName = Release;
		};
		826524112C51967000ED0003 /* Build configuration list for PBXNativeTarget "PlantsLoveAppTests" */ = {
			isa = XCConfigurationList;
			buildConfigurations = (
				826524122C51967000ED0003 /* Debug */,
				826524132C51967000ED0003 /* Release */,
			);
			defaultConfigurationIsVisible = 0;
			defaultConfigurationName = Release;
		};
		826524142C51967000ED0003 /* Build configuration list for PBXNativeTarget "PlantsLoveAppUITests" */ = {
			isa = XCConfigurationList;
			buildConfigurations = (
				826524152C51967000ED0003 /* Debug */,
				826524162C51967000ED0003 /* Release */,
			);
			defaultConfigurationIsVisible = 0;
			defaultConfigurationName = Release;
		};
/* End XCConfigurationList section */
	};
	rootObject = 826523DC2C51966B00ED0003 /* Project object */;
}
